// !$*UTF8*$!
{
	archiveVersion = 1;
	classes = {
	};
	objectVersion = 48;
	objects = {

/* Begin PBXBuildFile section */
		8D5FDE261FDA0E22005C8C84 /* AppDelegate.swift in Sources */ = {isa = PBXBuildFile; fileRef = 8D5FDE251FDA0E22005C8C84 /* AppDelegate.swift */; };
		8D5FDE281FDA0E22005C8C84 /* ViewController.swift in Sources */ = {isa = PBXBuildFile; fileRef = 8D5FDE271FDA0E22005C8C84 /* ViewController.swift */; };
		8D5FDE2B1FDA0E22005C8C84 /* Main.storyboard in Resources */ = {isa = PBXBuildFile; fileRef = 8D5FDE291FDA0E22005C8C84 /* Main.storyboard */; };
		8D5FDE2D1FDA0E22005C8C84 /* Assets.xcassets in Resources */ = {isa = PBXBuildFile; fileRef = 8D5FDE2C1FDA0E22005C8C84 /* Assets.xcassets */; };
		8D5FDE301FDA0E22005C8C84 /* LaunchScreen.storyboard in Resources */ = {isa = PBXBuildFile; fileRef = 8D5FDE2E1FDA0E22005C8C84 /* LaunchScreen.storyboard */; };
		8D5FDE3B1FDA0E22005C8C84 /* LearnSwift4Tests.swift in Sources */ = {isa = PBXBuildFile; fileRef = 8D5FDE3A1FDA0E22005C8C84 /* LearnSwift4Tests.swift */; };
		8D5FDE461FDA0E22005C8C84 /* LearnSwift4UITests.swift in Sources */ = {isa = PBXBuildFile; fileRef = 8D5FDE451FDA0E22005C8C84 /* LearnSwift4UITests.swift */; };
/* End PBXBuildFile section */

/* Begin PBXContainerItemProxy section */
		8D5FDE371FDA0E22005C8C84 /* PBXContainerItemProxy */ = {
			isa = PBXContainerItemProxy;
			containerPortal = 8D5FDE1A1FDA0E22005C8C84 /* Project object */;
			proxyType = 1;
			remoteGlobalIDString = 8D5FDE211FDA0E22005C8C84;
			remoteInfo = LearnSwift4;
		};
		8D5FDE421FDA0E22005C8C84 /* PBXContainerItemProxy */ = {
			isa = PBXContainerItemProxy;
			containerPortal = 8D5FDE1A1FDA0E22005C8C84 /* Project object */;
			proxyType = 1;
			remoteGlobalIDString = 8D5FDE211FDA0E22005C8C84;
			remoteInfo = LearnSwift4;
		};
/* End PBXContainerItemProxy section */

/* Begin PBXFileReference section */
		8D5FDE221FDA0E22005C8C84 /* LearnSwift4.app */ = {isa = PBXFileReference; explicitFileType = wrapper.application; includeInIndex = 0; path = LearnSwift4.app; sourceTree = BUILT_PRODUCTS_DIR; };
		8D5FDE251FDA0E22005C8C84 /* AppDelegate.swift */ = {isa = PBXFileReference; lastKnownFileType = sourcecode.swift; path = AppDelegate.swift; sourceTree = "<group>"; };
		8D5FDE271FDA0E22005C8C84 /* ViewController.swift */ = {isa = PBXFileReference; lastKnownFileType = sourcecode.swift; path = ViewController.swift; sourceTree = "<group>"; };
		8D5FDE2A1FDA0E22005C8C84 /* Base */ = {isa = PBXFileReference; lastKnownFileType = file.storyboard; name = Base; path = Base.lproj/Main.storyboard; sourceTree = "<group>"; };
		8D5FDE2C1FDA0E22005C8C84 /* Assets.xcassets */ = {isa = PBXFileReference; lastKnownFileType = folder.assetcatalog; path = Assets.xcassets; sourceTree = "<group>"; };
		8D5FDE2F1FDA0E22005C8C84 /* Base */ = {isa = PBXFileReference; lastKnownFileType = file.storyboard; name = Base; path = Base.lproj/LaunchScreen.storyboard; sourceTree = "<group>"; };
		8D5FDE311FDA0E22005C8C84 /* Info.plist */ = {isa = PBXFileReference; lastKnownFileType = text.plist.xml; path = Info.plist; sourceTree = "<group>"; };
		8D5FDE361FDA0E22005C8C84 /* LearnSwift4Tests.xctest */ = {isa = PBXFileReference; explicitFileType = wrapper.cfbundle; includeInIndex = 0; path = LearnSwift4Tests.xctest; sourceTree = BUILT_PRODUCTS_DIR; };
		8D5FDE3A1FDA0E22005C8C84 /* LearnSwift4Tests.swift */ = {isa = PBXFileReference; lastKnownFileType = sourcecode.swift; path = LearnSwift4Tests.swift; sourceTree = "<group>"; };
		8D5FDE3C1FDA0E22005C8C84 /* Info.plist */ = {isa = PBXFileReference; lastKnownFileType = text.plist.xml; path = Info.plist; sourceTree = "<group>"; };
		8D5FDE411FDA0E22005C8C84 /* LearnSwift4UITests.xctest */ = {isa = PBXFileReference; explicitFileType = wrapper.cfbundle; includeInIndex = 0; path = LearnSwift4UITests.xctest; sourceTree = BUILT_PRODUCTS_DIR; };
		8D5FDE451FDA0E22005C8C84 /* LearnSwift4UITests.swift */ = {isa = PBXFileReference; lastKnownFileType = sourcecode.swift; path = LearnSwift4UITests.swift; sourceTree = "<group>"; };
		8D5FDE471FDA0E22005C8C84 /* Info.plist */ = {isa = PBXFileReference; lastKnownFileType = text.plist.xml; path = Info.plist; sourceTree = "<group>"; };
/* End PBXFileReference section */

/* Begin PBXFrameworksBuildPhase section */
		8D5FDE1F1FDA0E22005C8C84 /* Frameworks */ = {
			isa = PBXFrameworksBuildPhase;
			buildActionMask = 2147483647;
			files = (
			);
			runOnlyForDeploymentPostprocessing = 0;
		};
		8D5FDE331FDA0E22005C8C84 /* Frameworks */ = {
			isa = PBXFrameworksBuildPhase;
			buildActionMask = 2147483647;
			files = (
			);
			runOnlyForDeploymentPostprocessing = 0;
		};
		8D5FDE3E1FDA0E22005C8C84 /* Frameworks */ = {
			isa = PBXFrameworksBuildPhase;
			buildActionMask = 2147483647;
			files = (
			);
			runOnlyForDeploymentPostprocessing = 0;
		};
/* End PBXFrameworksBuildPhase section */

/* Begin PBXGroup section */
		8D5FDE191FDA0E22005C8C84 = {
			isa = PBXGroup;
			children = (
				8D5FDE241FDA0E22005C8C84 /* LearnSwift4 */,
				8D5FDE391FDA0E22005C8C84 /* LearnSwift4Tests */,
				8D5FDE441FDA0E22005C8C84 /* LearnSwift4UITests */,
				8D5FDE231FDA0E22005C8C84 /* Products */,
			);
			sourceTree = "<group>";
		};
		8D5FDE231FDA0E22005C8C84 /* Products */ = {
			isa = PBXGroup;
			children = (
				8D5FDE221FDA0E22005C8C84 /* LearnSwift4.app */,
				8D5FDE361FDA0E22005C8C84 /* LearnSwift4Tests.xctest */,
				8D5FDE411FDA0E22005C8C84 /* LearnSwift4UITests.xctest */,
			);
			name = Products;
			sourceTree = "<group>";
		};
		8D5FDE241FDA0E22005C8C84 /* LearnSwift4 */ = {
			isa = PBXGroup;
			children = (
				8DE97C9E1FDBC7F100638A42 /* Supporting Files */,
				8D5FDE271FDA0E22005C8C84 /* ViewController.swift */,
				8D5FDE291FDA0E22005C8C84 /* Main.storyboard */,
				8D5FDE311FDA0E22005C8C84 /* Info.plist */,
			);
			path = LearnSwift4;
			sourceTree = "<group>";
		};
		8D5FDE391FDA0E22005C8C84 /* LearnSwift4Tests */ = {
			isa = PBXGroup;
			children = (
				8D5FDE3A1FDA0E22005C8C84 /* LearnSwift4Tests.swift */,
				8D5FDE3C1FDA0E22005C8C84 /* Info.plist */,
			);
			path = LearnSwift4Tests;
			sourceTree = "<group>";
		};
		8D5FDE441FDA0E22005C8C84 /* LearnSwift4UITests */ = {
			isa = PBXGroup;
			children = (
				8D5FDE451FDA0E22005C8C84 /* LearnSwift4UITests.swift */,
				8D5FDE471FDA0E22005C8C84 /* Info.plist */,
			);
			path = LearnSwift4UITests;
			sourceTree = "<group>";
		};
		8DE97C9E1FDBC7F100638A42 /* Supporting Files */ = {
			isa = PBXGroup;
			children = (
				8D5FDE251FDA0E22005C8C84 /* AppDelegate.swift */,
				8D5FDE2C1FDA0E22005C8C84 /* Assets.xcassets */,
				8D5FDE2E1FDA0E22005C8C84 /* LaunchScreen.storyboard */,
			);
			path = "Supporting Files";
			sourceTree = "<group>";
		};
/* End PBXGroup section */

/* Begin PBXNativeTarget section */
		8D5FDE211FDA0E22005C8C84 /* LearnSwift4 */ = {
			isa = PBXNativeTarget;
			buildConfigurationList = 8D5FDE4A1FDA0E22005C8C84 /* Build configuration list for PBXNativeTarget "LearnSwift4" */;
			buildPhases = (
				8D5FDE1E1FDA0E22005C8C84 /* Sources */,
				8D5FDE1F1FDA0E22005C8C84 /* Frameworks */,
				8D5FDE201FDA0E22005C8C84 /* Resources */,
			);
			buildRules = (
			);
			dependencies = (
			);
			name = LearnSwift4;
			productName = LearnSwift4;
			productReference = 8D5FDE221FDA0E22005C8C84 /* LearnSwift4.app */;
			productType = "com.apple.product-type.application";
		};
		8D5FDE351FDA0E22005C8C84 /* LearnSwift4Tests */ = {
			isa = PBXNativeTarget;
			buildConfigurationList = 8D5FDE4D1FDA0E22005C8C84 /* Build configuration list for PBXNativeTarget "LearnSwift4Tests" */;
			buildPhases = (
				8D5FDE321FDA0E22005C8C84 /* Sources */,
				8D5FDE331FDA0E22005C8C84 /* Frameworks */,
				8D5FDE341FDA0E22005C8C84 /* Resources */,
			);
			buildRules = (
			);
			dependencies = (
				8D5FDE381FDA0E22005C8C84 /* PBXTargetDependency */,
			);
			name = LearnSwift4Tests;
			productName = LearnSwift4Tests;
			productReference = 8D5FDE361FDA0E22005C8C84 /* LearnSwift4Tests.xctest */;
			productType = "com.apple.product-type.bundle.unit-test";
		};
		8D5FDE401FDA0E22005C8C84 /* LearnSwift4UITests */ = {
			isa = PBXNativeTarget;
			buildConfigurationList = 8D5FDE501FDA0E22005C8C84 /* Build configuration list for PBXNativeTarget "LearnSwift4UITests" */;
			buildPhases = (
				8D5FDE3D1FDA0E22005C8C84 /* Sources */,
				8D5FDE3E1FDA0E22005C8C84 /* Frameworks */,
				8D5FDE3F1FDA0E22005C8C84 /* Resources */,
			);
			buildRules = (
			);
			dependencies = (
				8D5FDE431FDA0E22005C8C84 /* PBXTargetDependency */,
			);
			name = LearnSwift4UITests;
			productName = LearnSwift4UITests;
			productReference = 8D5FDE411FDA0E22005C8C84 /* LearnSwift4UITests.xctest */;
			productType = "com.apple.product-type.bundle.ui-testing";
		};
/* End PBXNativeTarget section */

/* Begin PBXProject section */
		8D5FDE1A1FDA0E22005C8C84 /* Project object */ = {
			isa = PBXProject;
			attributes = {
				LastSwiftUpdateCheck = 0910;
				LastUpgradeCheck = 0910;
				ORGANIZATIONNAME = "Wafa Fathima";
				TargetAttributes = {
					8D5FDE211FDA0E22005C8C84 = {
						CreatedOnToolsVersion = 9.1;
						ProvisioningStyle = Automatic;
					};
					8D5FDE351FDA0E22005C8C84 = {
						CreatedOnToolsVersion = 9.1;
						ProvisioningStyle = Automatic;
						TestTargetID = 8D5FDE211FDA0E22005C8C84;
					};
					8D5FDE401FDA0E22005C8C84 = {
						CreatedOnToolsVersion = 9.1;
						ProvisioningStyle = Automatic;
						TestTargetID = 8D5FDE211FDA0E22005C8C84;
					};
				};
			};
			buildConfigurationList = 8D5FDE1D1FDA0E22005C8C84 /* Build configuration list for PBXProject "LearnSwift4" */;
			compatibilityVersion = "Xcode 8.0";
			developmentRegion = en;
			hasScannedForEncodings = 0;
			knownRegions = (
				en,
				Base,
			);
			mainGroup = 8D5FDE191FDA0E22005C8C84;
			productRefGroup = 8D5FDE231FDA0E22005C8C84 /* Products */;
			projectDirPath = "";
			projectRoot = "";
			targets = (
				8D5FDE211FDA0E22005C8C84 /* LearnSwift4 */,
				8D5FDE351FDA0E22005C8C84 /* LearnSwift4Tests */,
				8D5FDE401FDA0E22005C8C84 /* LearnSwift4UITests */,
			);
		};
/* End PBXProject section */

/* Begin PBXResourcesBuildPhase section */
		8D5FDE201FDA0E22005C8C84 /* Resources */ = {
			isa = PBXResourcesBuildPhase;
			buildActionMask = 2147483647;
			files = (
				8D5FDE301FDA0E22005C8C84 /* LaunchScreen.storyboard in Resources */,
				8D5FDE2D1FDA0E22005C8C84 /* Assets.xcassets in Resources */,
				8D5FDE2B1FDA0E22005C8C84 /* Main.storyboard in Resources */,
			);
			runOnlyForDeploymentPostprocessing = 0;
		};
		8D5FDE341FDA0E22005C8C84 /* Resources */ = {
			isa = PBXResourcesBuildPhase;
			buildActionMask = 2147483647;
			files = (
			);
			runOnlyForDeploymentPostprocessing = 0;
		};
		8D5FDE3F1FDA0E22005C8C84 /* Resources */ = {
			isa = PBXResourcesBuildPhase;
			buildActionMask = 2147483647;
			files = (
			);
			runOnlyForDeploymentPostprocessing = 0;
		};
/* End PBXResourcesBuildPhase section */

/* Begin PBXSourcesBuildPhase section */
		8D5FDE1E1FDA0E22005C8C84 /* Sources */ = {
			isa = PBXSourcesBuildPhase;
			buildActionMask = 2147483647;
			files = (
				8D5FDE281FDA0E22005C8C84 /* ViewController.swift in Sources */,
				8D5FDE261FDA0E22005C8C84 /* AppDelegate.swift in Sources */,
			);
			runOnlyForDeploymentPostprocessing = 0;
		};
		8D5FDE321FDA0E22005C8C84 /* Sources */ = {
			isa = PBXSourcesBuildPhase;
			buildActionMask = 2147483647;
			files = (
				8D5FDE3B1FDA0E22005C8C84 /* LearnSwift4Tests.swift in Sources */,
			);
			runOnlyForDeploymentPostprocessing = 0;
		};
		8D5FDE3D1FDA0E22005C8C84 /* Sources */ = {
			isa = PBXSourcesBuildPhase;
			buildActionMask = 2147483647;
			files = (
				8D5FDE461FDA0E22005C8C84 /* LearnSwift4UITests.swift in Sources */,
			);
			runOnlyForDeploymentPostprocessing = 0;
		};
/* End PBXSourcesBuildPhase section */

/* Begin PBXTargetDependency section */
		8D5FDE381FDA0E22005C8C84 /* PBXTargetDependency */ = {
			isa = PBXTargetDependency;
			target = 8D5FDE211FDA0E22005C8C84 /* LearnSwift4 */;
			targetProxy = 8D5FDE371FDA0E22005C8C84 /* PBXContainerItemProxy */;
		};
		8D5FDE431FDA0E22005C8C84 /* PBXTargetDependency */ = {
			isa = PBXTargetDependency;
			target = 8D5FDE211FDA0E22005C8C84 /* LearnSwift4 */;
			targetProxy = 8D5FDE421FDA0E22005C8C84 /* PBXContainerItemProxy */;
		};
/* End PBXTargetDependency section */

/* Begin PBXVariantGroup section */
		8D5FDE291FDA0E22005C8C84 /* Main.storyboard */ = {
			isa = PBXVariantGroup;
			children = (
				8D5FDE2A1FDA0E22005C8C84 /* Base */,
			);
			name = Main.storyboard;
			sourceTree = "<group>";
		};
		8D5FDE2E1FDA0E22005C8C84 /* LaunchScreen.storyboard */ = {
			isa = PBXVariantGroup;
			children = (
				8D5FDE2F1FDA0E22005C8C84 /* Base */,
			);
			name = LaunchScreen.storyboard;
			sourceTree = "<group>";
		};
/* End PBXVariantGroup section */

/* Begin XCBuildConfiguration section */
		8D5FDE481FDA0E22005C8C84 /* Debug */ = {
			isa = XCBuildConfiguration;
			buildSettings = {
				ALWAYS_SEARCH_USER_PATHS = NO;
				CLANG_ANALYZER_NONNULL = YES;
				CLANG_ANALYZER_NUMBER_OBJECT_CONVERSION = YES_AGGRESSIVE;
				CLANG_CXX_LANGUAGE_STANDARD = "gnu++14";
				CLANG_CXX_LIBRARY = "libc++";
				CLANG_ENABLE_MODULES = YES;
				CLANG_ENABLE_OBJC_ARC = YES;
				CLANG_WARN_BLOCK_CAPTURE_AUTORELEASING = YES;
				CLANG_WARN_BOOL_CONVERSION = YES;
				CLANG_WARN_COMMA = YES;
				CLANG_WARN_CONSTANT_CONVERSION = YES;
				CLANG_WARN_DIRECT_OBJC_ISA_USAGE = YES_ERROR;
				CLANG_WARN_DOCUMENTATION_COMMENTS = YES;
				CLANG_WARN_EMPTY_BODY = YES;
				CLANG_WARN_ENUM_CONVERSION = YES;
				CLANG_WARN_INFINITE_RECURSION = YES;
				CLANG_WARN_INT_CONVERSION = YES;
				CLANG_WARN_NON_LITERAL_NULL_CONVERSION = YES;
				CLANG_WARN_OBJC_LITERAL_CONVERSION = YES;
				CLANG_WARN_OBJC_ROOT_CLASS = YES_ERROR;
				CLANG_WARN_RANGE_LOOP_ANALYSIS = YES;
				CLANG_WARN_STRICT_PROTOTYPES = YES;
				CLANG_WARN_SUSPICIOUS_MOVE = YES;
				CLANG_WARN_UNGUARDED_AVAILABILITY = YES_AGGRESSIVE;
				CLANG_WARN_UNREACHABLE_CODE = YES;
				CLANG_WARN__DUPLICATE_METHOD_MATCH = YES;
				CODE_SIGN_IDENTITY = "iPhone Developer";
				COPY_PHASE_STRIP = NO;
				DEBUG_INFORMATION_FORMAT = dwarf;
				ENABLE_STRICT_OBJC_MSGSEND = YES;
				ENABLE_TESTABILITY = YES;
				GCC_C_LANGUAGE_STANDARD = gnu11;
				GCC_DYNAMIC_NO_PIC = NO;
				GCC_NO_COMMON_BLOCKS = YES;
				GCC_OPTIMIZATION_LEVEL = 0;
				GCC_PREPROCESSOR_DEFINITIONS = (
					"DEBUG=1",
					"$(inherited)",
				);
				GCC_WARN_64_TO_32_BIT_CONVERSION = YES;
				GCC_WARN_ABOUT_RETURN_TYPE = YES_ERROR;
				GCC_WARN_UNDECLARED_SELECTOR = YES;
				GCC_WARN_UNINITIALIZED_AUTOS = YES_AGGRESSIVE;
				GCC_WARN_UNUSED_FUNCTION = YES;
				GCC_WARN_UNUSED_VARIABLE = YES;
				IPHONEOS_DEPLOYMENT_TARGET = 11.1;
				MTL_ENABLE_DEBUG_INFO = YES;
				ONLY_ACTIVE_ARCH = YES;
				SDKROOT = iphoneos;
				SWIFT_ACTIVE_COMPILATION_CONDITIONS = DEBUG;
				SWIFT_OPTIMIZATION_LEVEL = "-Onone";
			};
			name = Debug;
		};
		8D5FDE491FDA0E22005C8C84 /* Release */ = {
			isa = XCBuildConfiguration;
			buildSettings = {
				ALWAYS_SEARCH_USER_PATHS = NO;
				CLANG_ANALYZER_NONNULL = YES;
				CLANG_ANALYZER_NUMBER_OBJECT_CONVERSION = YES_AGGRESSIVE;
				CLANG_CXX_LANGUAGE_STANDARD = "gnu++14";
				CLANG_CXX_LIBRARY = "libc++";
				CLANG_ENABLE_MODULES = YES;
				CLANG_ENABLE_OBJC_ARC = YES;
				CLANG_WARN_BLOCK_CAPTURE_AUTORELEASING = YES;
				CLANG_WARN_BOOL_CONVERSION = YES;
				CLANG_WARN_COMMA = YES;
				CLANG_WARN_CONSTANT_CONVERSION = YES;
				CLANG_WARN_DIRECT_OBJC_ISA_USAGE = YES_ERROR;
				CLANG_WARN_DOCUMENTATION_COMMENTS = YES;
				CLANG_WARN_EMPTY_BODY = YES;
				CLANG_WARN_ENUM_CONVERSION = YES;
				CLANG_WARN_INFINITE_RECURSION = YES;
				CLANG_WARN_INT_CONVERSION = YES;
				CLANG_WARN_NON_LITERAL_NULL_CONVERSION = YES;
				CLANG_WARN_OBJC_LITERAL_CONVERSION = YES;
				CLANG_WARN_OBJC_ROOT_CLASS = YES_ERROR;
				CLANG_WARN_RANGE_LOOP_ANALYSIS = YES;
				CLANG_WARN_STRICT_PROTOTYPES = YES;
				CLANG_WARN_SUSPICIOUS_MOVE = YES;
				CLANG_WARN_UNGUARDED_AVAILABILITY = YES_AGGRESSIVE;
				CLANG_WARN_UNREACHABLE_CODE = YES;
				CLANG_WARN__DUPLICATE_METHOD_MATCH = YES;
				CODE_SIGN_IDENTITY = "iPhone Developer";
				COPY_PHASE_STRIP = NO;
				DEBUG_INFORMATION_FORMAT = "dwarf-with-dsym";
				ENABLE_NS_ASSERTIONS = NO;
				ENABLE_STRICT_OBJC_MSGSEND = YES;
				GCC_C_LANGUAGE_STANDARD = gnu11;
				GCC_NO_COMMON_BLOCKS = YES;
				GCC_WARN_64_TO_32_BIT_CONVERSION = YES;
				GCC_WARN_ABOUT_RETURN_TYPE = YES_ERROR;
				GCC_WARN_UNDECLARED_SELECTOR = YES;
				GCC_WARN_UNINITIALIZED_AUTOS = YES_AGGRESSIVE;
				GCC_WARN_UNUSED_FUNCTION = YES;
				GCC_WARN_UNUSED_VARIABLE = YES;
				IPHONEOS_DEPLOYMENT_TARGET = 11.1;
				MTL_ENABLE_DEBUG_INFO = NO;
				SDKROOT = iphoneos;
				SWIFT_OPTIMIZATION_LEVEL = "-Owholemodule";
				VALIDATE_PRODUCT = YES;
			};
			name = Release;
		};
		8D5FDE4B1FDA0E22005C8C84 /* Debug */ = {
			isa = XCBuildConfiguration;
			buildSettings = {
				ASSETCATALOG_COMPILER_APPICON_NAME = AppIcon;
				CODE_SIGN_STYLE = Automatic;
				DEVELOPMENT_TEAM = Q3FQ8FY42B;
				INFOPLIST_FILE = LearnSwift4/Info.plist;
				LD_RUNPATH_SEARCH_PATHS = "$(inherited) @executable_path/Frameworks";
				PRODUCT_BUNDLE_IDENTIFIER = com.wafa.LearnSwift4;
				PRODUCT_NAME = "$(TARGET_NAME)";
				SWIFT_VERSION = 4.0;
				TARGETED_DEVICE_FAMILY = "1,2";
			};
			name = Debug;
		};
		8D5FDE4C1FDA0E22005C8C84 /* Release */ = {
			isa = XCBuildConfiguration;
			buildSettings = {
				ASSETCATALOG_COMPILER_APPICON_NAME = AppIcon;
				CODE_SIGN_STYLE = Automatic;
				DEVELOPMENT_TEAM = Q3FQ8FY42B;
				INFOPLIST_FILE = LearnSwift4/Info.plist;
				LD_RUNPATH_SEARCH_PATHS = "$(inherited) @executable_path/Frameworks";
				PRODUCT_BUNDLE_IDENTIFIER = com.wafa.LearnSwift4;
				PRODUCT_NAME = "$(TARGET_NAME)";
				SWIFT_VERSION = 4.0;
				TARGETED_DEVICE_FAMILY = "1,2";
			};
			name = Release;
		};
		8D5FDE4E1FDA0E22005C8C84 /* Debug */ = {
			isa = XCBuildConfiguration;
			buildSettings = {
				ALWAYS_EMBED_SWIFT_STANDARD_LIBRARIES = YES;
				BUNDLE_LOADER = "$(TEST_HOST)";
				CODE_SIGN_STYLE = Automatic;
				DEVELOPMENT_TEAM = Q3FQ8FY42B;
				INFOPLIST_FILE = LearnSwift4Tests/Info.plist;
				LD_RUNPATH_SEARCH_PATHS = "$(inherited) @executable_path/Frameworks @loader_path/Frameworks";
				PRODUCT_BUNDLE_IDENTIFIER = com.wafa.LearnSwift4Tests;
				PRODUCT_NAME = "$(TARGET_NAME)";
				SWIFT_VERSION = 4.0;
				TARGETED_DEVICE_FAMILY = "1,2";
				TEST_HOST = "$(BUILT_PRODUCTS_DIR)/LearnSwift4.app/LearnSwift4";
			};
			name = Debug;
		};
		8D5FDE4F1FDA0E22005C8C84 /* Release */ = {
			isa = XCBuildConfiguration;
			buildSettings = {
				ALWAYS_EMBED_SWIFT_STANDARD_LIBRARIES = YES;
				BUNDLE_LOADER = "$(TEST_HOST)";
				CODE_SIGN_STYLE = Automatic;
				DEVELOPMENT_TEAM = Q3FQ8FY42B;
				INFOPLIST_FILE = LearnSwift4Tests/Info.plist;
				LD_RUNPATH_SEARCH_PATHS = "$(inherited) @executable_path/Frameworks @loader_path/Frameworks";
				PRODUCT_BUNDLE_IDENTIFIER = com.wafa.LearnSwift4Tests;
				PRODUCT_NAME = "$(TARGET_NAME)";
				SWIFT_VERSION = 4.0;
				TARGETED_DEVICE_FAMILY = "1,2";
				TEST_HOST = "$(BUILT_PRODUCTS_DIR)/LearnSwift4.app/LearnSwift4";
			};
			name = Release;
		};
		8D5FDE511FDA0E22005C8C84 /* Debug */ = {
			isa = XCBuildConfiguration;
			buildSettings = {
				ALWAYS_EMBED_SWIFT_STANDARD_LIBRARIES = YES;
				CODE_SIGN_STYLE = Automatic;
				DEVELOPMENT_TEAM = Q3FQ8FY42B;
				INFOPLIST_FILE = LearnSwift4UITests/Info.plist;
				LD_RUNPATH_SEARCH_PATHS = "$(inherited) @executable_path/Frameworks @loader_path/Frameworks";
				PRODUCT_BUNDLE_IDENTIFIER = com.wafa.LearnSwift4UITests;
				PRODUCT_NAME = "$(TARGET_NAME)";
				SWIFT_VERSION = 4.0;
				TARGETED_DEVICE_FAMILY = "1,2";
				TEST_TARGET_NAME = LearnSwift4;
			};
			name = Debug;
		};
		8D5FDE521FDA0E22005C8C84 /* Release */ = {
			isa = XCBuildConfiguration;
			buildSettings = {
				ALWAYS_EMBED_SWIFT_STANDARD_LIBRARIES = YES;
				CODE_SIGN_STYLE = Automatic;
				DEVELOPMENT_TEAM = Q3FQ8FY42B;
				INFOPLIST_FILE = LearnSwift4UITests/Info.plist;
				LD_RUNPATH_SEARCH_PATHS = "$(inherited) @executable_path/Frameworks @loader_path/Frameworks";
				PRODUCT_BUNDLE_IDENTIFIER = com.wafa.LearnSwift4UITests;
				PRODUCT_NAME = "$(TARGET_NAME)";
				SWIFT_VERSION = 4.0;
				TARGETED_DEVICE_FAMILY = "1,2";
				TEST_TARGET_NAME = LearnSwift4;
			};
			name = Release;
		};
/* End XCBuildConfiguration section */

/* Begin XCConfigurationList section */
		8D5FDE1D1FDA0E22005C8C84 /* Build configuration list for PBXProject "LearnSwift4" */ = {
			isa = XCConfigurationList;
			buildConfigurations = (
				8D5FDE481FDA0E22005C8C84 /* Debug */,
				8D5FDE491FDA0E22005C8C84 /* Release */,
			);
			defaultConfigurationIsVisible = 0;
			defaultConfigurationName = Release;
		};
		8D5FDE4A1FDA0E22005C8C84 /* Build configuration list for PBXNativeTarget "LearnSwift4" */ = {
			isa = XCConfigurationList;
			buildConfigurations = (
				8D5FDE4B1FDA0E22005C8C84 /* Debug */,
				8D5FDE4C1FDA0E22005C8C84 /* Release */,
			);
			defaultConfigurationIsVisible = 0;
			defaultConfigurationName = Release;
		};
		8D5FDE4D1FDA0E22005C8C84 /* Build configuration list for PBXNativeTarget "LearnSwift4Tests" */ = {
			isa = XCConfigurationList;
			buildConfigurations = (
				8D5FDE4E1FDA0E22005C8C84 /* Debug */,
				8D5FDE4F1FDA0E22005C8C84 /* Release */,
			);
			defaultConfigurationIsVisible = 0;
			defaultConfigurationName = Release;
		};
		8D5FDE501FDA0E22005C8C84 /* Build configuration list for PBXNativeTarget "LearnSwift4UITests" */ = {
			isa = XCConfigurationList;
			buildConfigurations = (
				8D5FDE511FDA0E22005C8C84 /* Debug */,
				8D5FDE521FDA0E22005C8C84 /* Release */,
			);
			defaultConfigurationIsVisible = 0;
			defaultConfigurationName = Release;
		};
/* End XCConfigurationList section */
	};
	rootObject = 8D5FDE1A1FDA0E22005C8C84 /* Project object */;
}
